
Microsoft Visual Studio Solution File, Format Version 12.00
# Visual Studio Version 16
VisualStudioVersion = 16.0.31205.134
MinimumVisualStudioVersion = 10.0.40219.1
Project("{8BC9CEB8-8B4A-11D0-8D11-00A0C91BC942}") = "Day1_2", "Day1_2\Day1_2.vcxproj", "{C3787C64-81EC-46A6-9CA7-18E3E35FA90F}"
EndProject
Project("{8BC9CEB8-8B4A-11D0-8D11-00A0C91BC942}") = "Day2_1", "Day2_1\Day2_1.vcxproj", "{1BE89E55-F47C-44F2-8DD4-D3EC1C65E0FF}"
EndProject
Project("{8BC9CEB8-8B4A-11D0-8D11-00A0C91BC942}") = "Day2_2", "Day2_2\Day2_2.vcxproj", "{58CA1EFC-3FA3-4E17-A85D-5D2A1DAC291C}"
EndProject
Project("{8BC9CEB8-8B4A-11D0-8D11-00A0C91BC942}") = "Day1_1", "Day1_1\Day1_1.vcxproj", "{6921761A-30E0-4D65-BB01-E67953C8AB63}"
EndProject
Project("{8BC9CEB8-8B4A-11D0-8D11-00A0C91BC942}") = "Day3_1", "Day3_1\Day3_1.vcxproj", "{00DBFDED-DC86-4601-9572-B9C70DF87B7C}"
EndProject
Project("{8BC9CEB8-8B4A-11D0-8D11-00A0C91BC942}") = "Day3_2", "Day3_2\Day3_2.vcxproj", "{ADC4071A-FE6A-4AAB-9011-487D01F24781}"
EndProject
Project("{8BC9CEB8-8B4A-11D0-8D11-00A0C91BC942}") = "Day4_1", "Day4_1\Day4_1.vcxproj", "{0A897AC7-29AC-486A-B6F5-AEA844B8A799}"
EndProject
Project("{8BC9CEB8-8B4A-11D0-8D11-00A0C91BC942}") = "Day4_2", "Day4_2\Day4_2.vcxproj", "{A1EDA5F0-672B-4EE6-8437-62FBD061D3A4}"
EndProject
Project("{8BC9CEB8-8B4A-11D0-8D11-00A0C91BC942}") = "Day5_1", "Day5_1\Day5_1.vcxproj", "{A106F3C8-C459-48E4-913D-3FCA790DB3DC}"
EndProject
Project("{8BC9CEB8-8B4A-11D0-8D11-00A0C91BC942}") = "Day5_2", "Day5_2\Day5_2.vcxproj", "{6C86D2EC-54C3-4A06-80CD-F284ADD9F41D}"
EndProject
Project("{8BC9CEB8-8B4A-11D0-8D11-00A0C91BC942}") = "Day6_1", "Day6_1\Day6_1.vcxproj", "{5816EA07-C127-4D80-AE72-D6A5C64258DF}"
EndProject
Project("{8BC9CEB8-8B4A-11D0-8D11-00A0C91BC942}") = "Day6_2", "Day6_2\Day6_2.vcxproj", "{60747FC6-E8AA-493C-B0E8-6424E4D1EFC5}"
EndProject
Project("{8BC9CEB8-8B4A-11D0-8D11-00A0C91BC942}") = "Day7_1", "Day7_1\Day7_1.vcxproj", "{04028A19-18D6-4D6D-8E54-6F5D7DC1581C}"
EndProject
Project("{8BC9CEB8-8B4A-11D0-8D11-00A0C91BC942}") = "Day7_2", "Day7_2\Day7_2.vcxproj", "{795BF4B0-90A6-48BE-B250-87CBD2F44DC2}"
EndProject
Project("{8BC9CEB8-8B4A-11D0-8D11-00A0C91BC942}") = "Day8_1", "Day8_1\Day8_1.vcxproj", "{214DEFC7-BBD2-40BE-9DB5-92E26B634E28}"
EndProject
Project("{8BC9CEB8-8B4A-11D0-8D11-00A0C91BC942}") = "Day8_2", "Day8_2\Day8_2.vcxproj", "{1C7C3E30-05B1-4F7C-8262-D6BC46D4C729}"
EndProject
Project("{8BC9CEB8-8B4A-11D0-8D11-00A0C91BC942}") = "Day9_1", "Day9_1\Day9_1.vcxproj", "{C873CBED-E6C3-4E14-B20D-B2BF265E7BFE}"
EndProject
Project("{8BC9CEB8-8B4A-11D0-8D11-00A0C91BC942}") = "Day9_2", "Day9_2\Day9_2.vcxproj", "{EE5F958D-E3A2-4043-AEA7-18E18ED3C360}"
EndProject
Project("{8BC9CEB8-8B4A-11D0-8D11-00A0C91BC942}") = "Day10_1", "Day10_1\Day10_1.vcxproj", "{E2B46F25-B292-401E-BA8A-A8937106EB94}"
EndProject
Project("{8BC9CEB8-8B4A-11D0-8D11-00A0C91BC942}") = "Day10_2", "Day10_2\Day10_2.vcxproj", "{D285FAB5-B70A-4691-A9E5-4FEB22CCE83C}"
EndProject
Project("{8BC9CEB8-8B4A-11D0-8D11-00A0C91BC942}") = "Day11_1", "Day11_1\Day11_1.vcxproj", "{4294AC88-07B1-4639-8020-7CB6B9F7A247}"
EndProject
Project("{8BC9CEB8-8B4A-11D0-8D11-00A0C91BC942}") = "Day11_2", "Day11_2\Day11_2.vcxproj", "{1E7E422D-8AA8-4549-8894-5544A6FE3E9B}"
EndProject
Project("{8BC9CEB8-8B4A-11D0-8D11-00A0C91BC942}") = "Day12_1", "Day12_1\Day12_1.vcxproj", "{041A8A91-9600-4CE3-8D54-273D6BFA8278}"
EndProject
Project("{8BC9CEB8-8B4A-11D0-8D11-00A0C91BC942}") = "Day12_2", "Day12_2\Day12_2.vcxproj", "{32BFC7BE-C1EA-434B-A3A9-0B4FC7B1C702}"
EndProject
Project("{8BC9CEB8-8B4A-11D0-8D11-00A0C91BC942}") = "Day13_1", "Day13_1\Day13_1.vcxproj", "{C2FD579A-2DA2-4956-9754-FE0091BE1F00}"
EndProject
Project("{8BC9CEB8-8B4A-11D0-8D11-00A0C91BC942}") = "Day13_2", "Day13_2\Day13_2.vcxproj", "{8769866F-39EE-4ECB-B64D-74A9EC8E5C5E}"
EndProject
Project("{8BC9CEB8-8B4A-11D0-8D11-00A0C91BC942}") = "Day14_1", "Day14_1\Day14_1.vcxproj", "{C367C7A7-BEE2-46FE-96E3-C4DFCEB93611}"
EndProject
Project("{8BC9CEB8-8B4A-11D0-8D11-00A0C91BC942}") = "Day14_2", "Day14_2\Day14_2.vcxproj", "{652DE3A7-87D1-4972-809F-A50DCF0987AE}"
EndProject
Project("{8BC9CEB8-8B4A-11D0-8D11-00A0C91BC942}") = "Day15_1", "Day15_1\Day15_1.vcxproj", "{F576BB83-7A8F-466E-B8B9-E305F85F12CB}"
EndProject
Project("{8BC9CEB8-8B4A-11D0-8D11-00A0C91BC942}") = "Day15_2", "Day15_2\Day15_2.vcxproj", "{5B0E0B0F-3C9D-4A84-B5B7-C753C34D3489}"
EndProject
Global
	GlobalSection(SolutionConfigurationPlatforms) = preSolution
		Debug|x64 = Debug|x64
		Debug|x86 = Debug|x86
		Release|x64 = Release|x64
		Release|x86 = Release|x86
	EndGlobalSection
	GlobalSection(ProjectConfigurationPlatforms) = postSolution
		{C3787C64-81EC-46A6-9CA7-18E3E35FA90F}.Debug|x64.ActiveCfg = Debug|x64
		{C3787C64-81EC-46A6-9CA7-18E3E35FA90F}.Debug|x64.Build.0 = Debug|x64
		{C3787C64-81EC-46A6-9CA7-18E3E35FA90F}.Debug|x86.ActiveCfg = Debug|Win32
		{C3787C64-81EC-46A6-9CA7-18E3E35FA90F}.Debug|x86.Build.0 = Debug|Win32
		{C3787C64-81EC-46A6-9CA7-18E3E35FA90F}.Release|x64.ActiveCfg = Release|x64
		{C3787C64-81EC-46A6-9CA7-18E3E35FA90F}.Release|x64.Build.0 = Release|x64
		{C3787C64-81EC-46A6-9CA7-18E3E35FA90F}.Release|x86.ActiveCfg = Release|Win32
		{C3787C64-81EC-46A6-9CA7-18E3E35FA90F}.Release|x86.Build.0 = Release|Win32
		{1BE89E55-F47C-44F2-8DD4-D3EC1C65E0FF}.Debug|x64.ActiveCfg = Debug|x64
		{1BE89E55-F47C-44F2-8DD4-D3EC1C65E0FF}.Debug|x64.Build.0 = Debug|x64
		{1BE89E55-F47C-44F2-8DD4-D3EC1C65E0FF}.Debug|x86.ActiveCfg = Debug|Win32
		{1BE89E55-F47C-44F2-8DD4-D3EC1C65E0FF}.Debug|x86.Build.0 = Debug|Win32
		{1BE89E55-F47C-44F2-8DD4-D3EC1C65E0FF}.Release|x64.ActiveCfg = Release|x64
		{1BE89E55-F47C-44F2-8DD4-D3EC1C65E0FF}.Release|x64.Build.0 = Release|x64
		{1BE89E55-F47C-44F2-8DD4-D3EC1C65E0FF}.Release|x86.ActiveCfg = Release|Win32
		{1BE89E55-F47C-44F2-8DD4-D3EC1C65E0FF}.Release|x86.Build.0 = Release|Win32
		{58CA1EFC-3FA3-4E17-A85D-5D2A1DAC291C}.Debug|x64.ActiveCfg = Debug|x64
		{58CA1EFC-3FA3-4E17-A85D-5D2A1DAC291C}.Debug|x64.Build.0 = Debug|x64
		{58CA1EFC-3FA3-4E17-A85D-5D2A1DAC291C}.Debug|x86.ActiveCfg = Debug|Win32
		{58CA1EFC-3FA3-4E17-A85D-5D2A1DAC291C}.Debug|x86.Build.0 = Debug|Win32
		{58CA1EFC-3FA3-4E17-A85D-5D2A1DAC291C}.Release|x64.ActiveCfg = Release|x64
		{58CA1EFC-3FA3-4E17-A85D-5D2A1DAC291C}.Release|x64.Build.0 = Release|x64
		{58CA1EFC-3FA3-4E17-A85D-5D2A1DAC291C}.Release|x86.ActiveCfg = Release|Win32
		{58CA1EFC-3FA3-4E17-A85D-5D2A1DAC291C}.Release|x86.Build.0 = Release|Win32
		{6921761A-30E0-4D65-BB01-E67953C8AB63}.Debug|x64.ActiveCfg = Debug|x64
		{6921761A-30E0-4D65-BB01-E67953C8AB63}.Debug|x64.Build.0 = Debug|x64
		{6921761A-30E0-4D65-BB01-E67953C8AB63}.Debug|x86.ActiveCfg = Debug|Win32
		{6921761A-30E0-4D65-BB01-E67953C8AB63}.Debug|x86.Build.0 = Debug|Win32
		{6921761A-30E0-4D65-BB01-E67953C8AB63}.Release|x64.ActiveCfg = Release|x64
		{6921761A-30E0-4D65-BB01-E67953C8AB63}.Release|x64.Build.0 = Release|x64
		{6921761A-30E0-4D65-BB01-E67953C8AB63}.Release|x86.ActiveCfg = Release|Win32
		{6921761A-30E0-4D65-BB01-E67953C8AB63}.Release|x86.Build.0 = Release|Win32
		{00DBFDED-DC86-4601-9572-B9C70DF87B7C}.Debug|x64.ActiveCfg = Debug|x64
		{00DBFDED-DC86-4601-9572-B9C70DF87B7C}.Debug|x64.Build.0 = Debug|x64
		{00DBFDED-DC86-4601-9572-B9C70DF87B7C}.Debug|x86.ActiveCfg = Debug|Win32
		{00DBFDED-DC86-4601-9572-B9C70DF87B7C}.Debug|x86.Build.0 = Debug|Win32
		{00DBFDED-DC86-4601-9572-B9C70DF87B7C}.Release|x64.ActiveCfg = Release|x64
		{00DBFDED-DC86-4601-9572-B9C70DF87B7C}.Release|x64.Build.0 = Release|x64
		{00DBFDED-DC86-4601-9572-B9C70DF87B7C}.Release|x86.ActiveCfg = Release|Win32
		{00DBFDED-DC86-4601-9572-B9C70DF87B7C}.Release|x86.Build.0 = Release|Win32
		{ADC4071A-FE6A-4AAB-9011-487D01F24781}.Debug|x64.ActiveCfg = Debug|x64
		{ADC4071A-FE6A-4AAB-9011-487D01F24781}.Debug|x64.Build.0 = Debug|x64
		{ADC4071A-FE6A-4AAB-9011-487D01F24781}.Debug|x86.ActiveCfg = Debug|Win32
		{ADC4071A-FE6A-4AAB-9011-487D01F24781}.Debug|x86.Build.0 = Debug|Win32
		{ADC4071A-FE6A-4AAB-9011-487D01F24781}.Release|x64.ActiveCfg = Release|x64
		{ADC4071A-FE6A-4AAB-9011-487D01F24781}.Release|x64.Build.0 = Release|x64
		{ADC4071A-FE6A-4AAB-9011-487D01F24781}.Release|x86.ActiveCfg = Release|Win32
		{ADC4071A-FE6A-4AAB-9011-487D01F24781}.Release|x86.Build.0 = Release|Win32
		{0A897AC7-29AC-486A-B6F5-AEA844B8A799}.Debug|x64.ActiveCfg = Debug|x64
		{0A897AC7-29AC-486A-B6F5-AEA844B8A799}.Debug|x64.Build.0 = Debug|x64
		{0A897AC7-29AC-486A-B6F5-AEA844B8A799}.Debug|x86.ActiveCfg = Debug|Win32
		{0A897AC7-29AC-486A-B6F5-AEA844B8A799}.Debug|x86.Build.0 = Debug|Win32
		{0A897AC7-29AC-486A-B6F5-AEA844B8A799}.Release|x64.ActiveCfg = Release|x64
		{0A897AC7-29AC-486A-B6F5-AEA844B8A799}.Release|x64.Build.0 = Release|x64
		{0A897AC7-29AC-486A-B6F5-AEA844B8A799}.Release|x86.ActiveCfg = Release|Win32
		{0A897AC7-29AC-486A-B6F5-AEA844B8A799}.Release|x86.Build.0 = Release|Win32
		{A1EDA5F0-672B-4EE6-8437-62FBD061D3A4}.Debug|x64.ActiveCfg = Debug|x64
		{A1EDA5F0-672B-4EE6-8437-62FBD061D3A4}.Debug|x64.Build.0 = Debug|x64
		{A1EDA5F0-672B-4EE6-8437-62FBD061D3A4}.Debug|x86.ActiveCfg = Debug|Win32
		{A1EDA5F0-672B-4EE6-8437-62FBD061D3A4}.Debug|x86.Build.0 = Debug|Win32
		{A1EDA5F0-672B-4EE6-8437-62FBD061D3A4}.Release|x64.ActiveCfg = Release|x64
		{A1EDA5F0-672B-4EE6-8437-62FBD061D3A4}.Release|x64.Build.0 = Release|x64
		{A1EDA5F0-672B-4EE6-8437-62FBD061D3A4}.Release|x86.ActiveCfg = Release|Win32
		{A1EDA5F0-672B-4EE6-8437-62FBD061D3A4}.Release|x86.Build.0 = Release|Win32
		{A106F3C8-C459-48E4-913D-3FCA790DB3DC}.Debug|x64.ActiveCfg = Debug|x64
		{A106F3C8-C459-48E4-913D-3FCA790DB3DC}.Debug|x64.Build.0 = Debug|x64
		{A106F3C8-C459-48E4-913D-3FCA790DB3DC}.Debug|x86.ActiveCfg = Debug|Win32
		{A106F3C8-C459-48E4-913D-3FCA790DB3DC}.Debug|x86.Build.0 = Debug|Win32
		{A106F3C8-C459-48E4-913D-3FCA790DB3DC}.Release|x64.ActiveCfg = Release|x64
		{A106F3C8-C459-48E4-913D-3FCA790DB3DC}.Release|x64.Build.0 = Release|x64
		{A106F3C8-C459-48E4-913D-3FCA790DB3DC}.Release|x86.ActiveCfg = Release|Win32
		{A106F3C8-C459-48E4-913D-3FCA790DB3DC}.Release|x86.Build.0 = Release|Win32
		{6C86D2EC-54C3-4A06-80CD-F284ADD9F41D}.Debug|x64.ActiveCfg = Debug|x64
		{6C86D2EC-54C3-4A06-80CD-F284ADD9F41D}.Debug|x64.Build.0 = Debug|x64
		{6C86D2EC-54C3-4A06-80CD-F284ADD9F41D}.Debug|x86.ActiveCfg = Debug|Win32
		{6C86D2EC-54C3-4A06-80CD-F284ADD9F41D}.Debug|x86.Build.0 = Debug|Win32
		{6C86D2EC-54C3-4A06-80CD-F284ADD9F41D}.Release|x64.ActiveCfg = Release|x64
		{6C86D2EC-54C3-4A06-80CD-F284ADD9F41D}.Release|x64.Build.0 = Release|x64
		{6C86D2EC-54C3-4A06-80CD-F284ADD9F41D}.Release|x86.ActiveCfg = Release|Win32
		{6C86D2EC-54C3-4A06-80CD-F284ADD9F41D}.Release|x86.Build.0 = Release|Win32
		{5816EA07-C127-4D80-AE72-D6A5C64258DF}.Debug|x64.ActiveCfg = Debug|x64
		{5816EA07-C127-4D80-AE72-D6A5C64258DF}.Debug|x64.Build.0 = Debug|x64
		{5816EA07-C127-4D80-AE72-D6A5C64258DF}.Debug|x86.ActiveCfg = Debug|Win32
		{5816EA07-C127-4D80-AE72-D6A5C64258DF}.Debug|x86.Build.0 = Debug|Win32
		{5816EA07-C127-4D80-AE72-D6A5C64258DF}.Release|x64.ActiveCfg = Release|x64
		{5816EA07-C127-4D80-AE72-D6A5C64258DF}.Release|x64.Build.0 = Release|x64
		{5816EA07-C127-4D80-AE72-D6A5C64258DF}.Release|x86.ActiveCfg = Release|Win32
		{5816EA07-C127-4D80-AE72-D6A5C64258DF}.Release|x86.Build.0 = Release|Win32
		{60747FC6-E8AA-493C-B0E8-6424E4D1EFC5}.Debug|x64.ActiveCfg = Debug|x64
		{60747FC6-E8AA-493C-B0E8-6424E4D1EFC5}.Debug|x64.Build.0 = Debug|x64
		{60747FC6-E8AA-493C-B0E8-6424E4D1EFC5}.Debug|x86.ActiveCfg = Debug|Win32
		{60747FC6-E8AA-493C-B0E8-6424E4D1EFC5}.Debug|x86.Build.0 = Debug|Win32
		{60747FC6-E8AA-493C-B0E8-6424E4D1EFC5}.Release|x64.ActiveCfg = Release|x64
		{60747FC6-E8AA-493C-B0E8-6424E4D1EFC5}.Release|x64.Build.0 = Release|x64
		{60747FC6-E8AA-493C-B0E8-6424E4D1EFC5}.Release|x86.ActiveCfg = Release|Win32
		{60747FC6-E8AA-493C-B0E8-6424E4D1EFC5}.Release|x86.Build.0 = Release|Win32
		{04028A19-18D6-4D6D-8E54-6F5D7DC1581C}.Debug|x64.ActiveCfg = Debug|x64
		{04028A19-18D6-4D6D-8E54-6F5D7DC1581C}.Debug|x64.Build.0 = Debug|x64
		{04028A19-18D6-4D6D-8E54-6F5D7DC1581C}.Debug|x86.ActiveCfg = Debug|Win32
		{04028A19-18D6-4D6D-8E54-6F5D7DC1581C}.Debug|x86.Build.0 = Debug|Win32
		{04028A19-18D6-4D6D-8E54-6F5D7DC1581C}.Release|x64.ActiveCfg = Release|x64
		{04028A19-18D6-4D6D-8E54-6F5D7DC1581C}.Release|x64.Build.0 = Release|x64
		{04028A19-18D6-4D6D-8E54-6F5D7DC1581C}.Release|x86.ActiveCfg = Release|Win32
		{04028A19-18D6-4D6D-8E54-6F5D7DC1581C}.Release|x86.Build.0 = Release|Win32
		{795BF4B0-90A6-48BE-B250-87CBD2F44DC2}.Debug|x64.ActiveCfg = Debug|x64
		{795BF4B0-90A6-48BE-B250-87CBD2F44DC2}.Debug|x64.Build.0 = Debug|x64
		{795BF4B0-90A6-48BE-B250-87CBD2F44DC2}.Debug|x86.ActiveCfg = Debug|Win32
		{795BF4B0-90A6-48BE-B250-87CBD2F44DC2}.Debug|x86.Build.0 = Debug|Win32
		{795BF4B0-90A6-48BE-B250-87CBD2F44DC2}.Release|x64.ActiveCfg = Release|x64
		{795BF4B0-90A6-48BE-B250-87CBD2F44DC2}.Release|x64.Build.0 = Release|x64
		{795BF4B0-90A6-48BE-B250-87CBD2F44DC2}.Release|x86.ActiveCfg = Release|Win32
		{795BF4B0-90A6-48BE-B250-87CBD2F44DC2}.Release|x86.Build.0 = Release|Win32
		{214DEFC7-BBD2-40BE-9DB5-92E26B634E28}.Debug|x64.ActiveCfg = Debug|x64
		{214DEFC7-BBD2-40BE-9DB5-92E26B634E28}.Debug|x64.Build.0 = Debug|x64
		{214DEFC7-BBD2-40BE-9DB5-92E26B634E28}.Debug|x86.ActiveCfg = Debug|Win32
		{214DEFC7-BBD2-40BE-9DB5-92E26B634E28}.Debug|x86.Build.0 = Debug|Win32
		{214DEFC7-BBD2-40BE-9DB5-92E26B634E28}.Release|x64.ActiveCfg = Release|x64
		{214DEFC7-BBD2-40BE-9DB5-92E26B634E28}.Release|x64.Build.0 = Release|x64
		{214DEFC7-BBD2-40BE-9DB5-92E26B634E28}.Release|x86.ActiveCfg = Release|Win32
		{214DEFC7-BBD2-40BE-9DB5-92E26B634E28}.Release|x86.Build.0 = Release|Win32
		{1C7C3E30-05B1-4F7C-8262-D6BC46D4C729}.Debug|x64.ActiveCfg = Debug|x64
		{1C7C3E30-05B1-4F7C-8262-D6BC46D4C729}.Debug|x64.Build.0 = Debug|x64
		{1C7C3E30-05B1-4F7C-8262-D6BC46D4C729}.Debug|x86.ActiveCfg = Debug|Win32
		{1C7C3E30-05B1-4F7C-8262-D6BC46D4C729}.Debug|x86.Build.0 = Debug|Win32
		{1C7C3E30-05B1-4F7C-8262-D6BC46D4C729}.Release|x64.ActiveCfg = Release|x64
		{1C7C3E30-05B1-4F7C-8262-D6BC46D4C729}.Release|x64.Build.0 = Release|x64
		{1C7C3E30-05B1-4F7C-8262-D6BC46D4C729}.Release|x86.ActiveCfg = Release|Win32
		{1C7C3E30-05B1-4F7C-8262-D6BC46D4C729}.Release|x86.Build.0 = Release|Win32
		{C873CBED-E6C3-4E14-B20D-B2BF265E7BFE}.Debug|x64.ActiveCfg = Debug|x64
		{C873CBED-E6C3-4E14-B20D-B2BF265E7BFE}.Debug|x64.Build.0 = Debug|x64
		{C873CBED-E6C3-4E14-B20D-B2BF265E7BFE}.Debug|x86.ActiveCfg = Debug|Win32
		{C873CBED-E6C3-4E14-B20D-B2BF265E7BFE}.Debug|x86.Build.0 = Debug|Win32
		{C873CBED-E6C3-4E14-B20D-B2BF265E7BFE}.Release|x64.ActiveCfg = Release|x64
		{C873CBED-E6C3-4E14-B20D-B2BF265E7BFE}.Release|x64.Build.0 = Release|x64
		{C873CBED-E6C3-4E14-B20D-B2BF265E7BFE}.Release|x86.ActiveCfg = Release|Win32
		{C873CBED-E6C3-4E14-B20D-B2BF265E7BFE}.Release|x86.Build.0 = Release|Win32
		{EE5F958D-E3A2-4043-AEA7-18E18ED3C360}.Debug|x64.ActiveCfg = Debug|x64
		{EE5F958D-E3A2-4043-AEA7-18E18ED3C360}.Debug|x64.Build.0 = Debug|x64
		{EE5F958D-E3A2-4043-AEA7-18E18ED3C360}.Debug|x86.ActiveCfg = Debug|Win32
		{EE5F958D-E3A2-4043-AEA7-18E18ED3C360}.Debug|x86.Build.0 = Debug|Win32
		{EE5F958D-E3A2-4043-AEA7-18E18ED3C360}.Release|x64.ActiveCfg = Release|x64
		{EE5F958D-E3A2-4043-AEA7-18E18ED3C360}.Release|x64.Build.0 = Release|x64
		{EE5F958D-E3A2-4043-AEA7-18E18ED3C360}.Release|x86.ActiveCfg = Release|Win32
		{EE5F958D-E3A2-4043-AEA7-18E18ED3C360}.Release|x86.Build.0 = Release|Win32
		{E2B46F25-B292-401E-BA8A-A8937106EB94}.Debug|x64.ActiveCfg = Debug|x64
		{E2B46F25-B292-401E-BA8A-A8937106EB94}.Debug|x64.Build.0 = Debug|x64
		{E2B46F25-B292-401E-BA8A-A8937106EB94}.Debug|x86.ActiveCfg = Debug|Win32
		{E2B46F25-B292-401E-BA8A-A8937106EB94}.Debug|x86.Build.0 = Debug|Win32
		{E2B46F25-B292-401E-BA8A-A8937106EB94}.Release|x64.ActiveCfg = Release|x64
		{E2B46F25-B292-401E-BA8A-A8937106EB94}.Release|x64.Build.0 = Release|x64
		{E2B46F25-B292-401E-BA8A-A8937106EB94}.Release|x86.ActiveCfg = Release|Win32
		{E2B46F25-B292-401E-BA8A-A8937106EB94}.Release|x86.Build.0 = Release|Win32
		{D285FAB5-B70A-4691-A9E5-4FEB22CCE83C}.Debug|x64.ActiveCfg = Debug|x64
		{D285FAB5-B70A-4691-A9E5-4FEB22CCE83C}.Debug|x64.Build.0 = Debug|x64
		{D285FAB5-B70A-4691-A9E5-4FEB22CCE83C}.Debug|x86.ActiveCfg = Debug|Win32
		{D285FAB5-B70A-4691-A9E5-4FEB22CCE83C}.Debug|x86.Build.0 = Debug|Win32
		{D285FAB5-B70A-4691-A9E5-4FEB22CCE83C}.Release|x64.ActiveCfg = Release|x64
		{D285FAB5-B70A-4691-A9E5-4FEB22CCE83C}.Release|x64.Build.0 = Release|x64
		{D285FAB5-B70A-4691-A9E5-4FEB22CCE83C}.Release|x86.ActiveCfg = Release|Win32
		{D285FAB5-B70A-4691-A9E5-4FEB22CCE83C}.Release|x86.Build.0 = Release|Win32
		{4294AC88-07B1-4639-8020-7CB6B9F7A247}.Debug|x64.ActiveCfg = Debug|x64
		{4294AC88-07B1-4639-8020-7CB6B9F7A247}.Debug|x64.Build.0 = Debug|x64
		{4294AC88-07B1-4639-8020-7CB6B9F7A247}.Debug|x86.ActiveCfg = Debug|Win32
		{4294AC88-07B1-4639-8020-7CB6B9F7A247}.Debug|x86.Build.0 = Debug|Win32
		{4294AC88-07B1-4639-8020-7CB6B9F7A247}.Release|x64.ActiveCfg = Release|x64
		{4294AC88-07B1-4639-8020-7CB6B9F7A247}.Release|x64.Build.0 = Release|x64
		{4294AC88-07B1-4639-8020-7CB6B9F7A247}.Release|x86.ActiveCfg = Release|Win32
		{4294AC88-07B1-4639-8020-7CB6B9F7A247}.Release|x86.Build.0 = Release|Win32
		{1E7E422D-8AA8-4549-8894-5544A6FE3E9B}.Debug|x64.ActiveCfg = Debug|x64
		{1E7E422D-8AA8-4549-8894-5544A6FE3E9B}.Debug|x64.Build.0 = Debug|x64
		{1E7E422D-8AA8-4549-8894-5544A6FE3E9B}.Debug|x86.ActiveCfg = Debug|Win32
		{1E7E422D-8AA8-4549-8894-5544A6FE3E9B}.Debug|x86.Build.0 = Debug|Win32
		{1E7E422D-8AA8-4549-8894-5544A6FE3E9B}.Release|x64.ActiveCfg = Release|x64
		{1E7E422D-8AA8-4549-8894-5544A6FE3E9B}.Release|x64.Build.0 = Release|x64
		{1E7E422D-8AA8-4549-8894-5544A6FE3E9B}.Release|x86.ActiveCfg = Release|Win32
		{1E7E422D-8AA8-4549-8894-5544A6FE3E9B}.Release|x86.Build.0 = Release|Win32
		{041A8A91-9600-4CE3-8D54-273D6BFA8278}.Debug|x64.ActiveCfg = Debug|x64
		{041A8A91-9600-4CE3-8D54-273D6BFA8278}.Debug|x64.Build.0 = Debug|x64
		{041A8A91-9600-4CE3-8D54-273D6BFA8278}.Debug|x86.ActiveCfg = Debug|Win32
		{041A8A91-9600-4CE3-8D54-273D6BFA8278}.Debug|x86.Build.0 = Debug|Win32
		{041A8A91-9600-4CE3-8D54-273D6BFA8278}.Release|x64.ActiveCfg = Release|x64
		{041A8A91-9600-4CE3-8D54-273D6BFA8278}.Release|x64.Build.0 = Release|x64
		{041A8A91-9600-4CE3-8D54-273D6BFA8278}.Release|x86.ActiveCfg = Release|Win32
		{041A8A91-9600-4CE3-8D54-273D6BFA8278}.Release|x86.Build.0 = Release|Win32
		{32BFC7BE-C1EA-434B-A3A9-0B4FC7B1C702}.Debug|x64.ActiveCfg = Debug|x64
		{32BFC7BE-C1EA-434B-A3A9-0B4FC7B1C702}.Debug|x64.Build.0 = Debug|x64
		{32BFC7BE-C1EA-434B-A3A9-0B4FC7B1C702}.Debug|x86.ActiveCfg = Debug|Win32
		{32BFC7BE-C1EA-434B-A3A9-0B4FC7B1C702}.Debug|x86.Build.0 = Debug|Win32
		{32BFC7BE-C1EA-434B-A3A9-0B4FC7B1C702}.Release|x64.ActiveCfg = Release|x64
		{32BFC7BE-C1EA-434B-A3A9-0B4FC7B1C702}.Release|x64.Build.0 = Release|x64
		{32BFC7BE-C1EA-434B-A3A9-0B4FC7B1C702}.Release|x86.ActiveCfg = Release|Win32
		{32BFC7BE-C1EA-434B-A3A9-0B4FC7B1C702}.Release|x86.Build.0 = Release|Win32
		{C2FD579A-2DA2-4956-9754-FE0091BE1F00}.Debug|x64.ActiveCfg = Debug|x64
		{C2FD579A-2DA2-4956-9754-FE0091BE1F00}.Debug|x64.Build.0 = Debug|x64
		{C2FD579A-2DA2-4956-9754-FE0091BE1F00}.Debug|x86.ActiveCfg = Debug|Win32
		{C2FD579A-2DA2-4956-9754-FE0091BE1F00}.Debug|x86.Build.0 = Debug|Win32
		{C2FD579A-2DA2-4956-9754-FE0091BE1F00}.Release|x64.ActiveCfg = Release|x64
		{C2FD579A-2DA2-4956-9754-FE0091BE1F00}.Release|x64.Build.0 = Release|x64
		{C2FD579A-2DA2-4956-9754-FE0091BE1F00}.Release|x86.ActiveCfg = Release|Win32
		{C2FD579A-2DA2-4956-9754-FE0091BE1F00}.Release|x86.Build.0 = Release|Win32
		{8769866F-39EE-4ECB-B64D-74A9EC8E5C5E}.Debug|x64.ActiveCfg = Debug|x64
		{8769866F-39EE-4ECB-B64D-74A9EC8E5C5E}.Debug|x64.Build.0 = Debug|x64
		{8769866F-39EE-4ECB-B64D-74A9EC8E5C5E}.Debug|x86.ActiveCfg = Debug|Win32
		{8769866F-39EE-4ECB-B64D-74A9EC8E5C5E}.Debug|x86.Build.0 = Debug|Win32
		{8769866F-39EE-4ECB-B64D-74A9EC8E5C5E}.Release|x64.ActiveCfg = Release|x64
		{8769866F-39EE-4ECB-B64D-74A9EC8E5C5E}.Release|x64.Build.0 = Release|x64
		{8769866F-39EE-4ECB-B64D-74A9EC8E5C5E}.Release|x86.ActiveCfg = Release|Win32
		{8769866F-39EE-4ECB-B64D-74A9EC8E5C5E}.Release|x86.Build.0 = Release|Win32
		{C367C7A7-BEE2-46FE-96E3-C4DFCEB93611}.Debug|x64.ActiveCfg = Debug|x64
		{C367C7A7-BEE2-46FE-96E3-C4DFCEB93611}.Debug|x64.Build.0 = Debug|x64
		{C367C7A7-BEE2-46FE-96E3-C4DFCEB93611}.Debug|x86.ActiveCfg = Debug|Win32
		{C367C7A7-BEE2-46FE-96E3-C4DFCEB93611}.Debug|x86.Build.0 = Debug|Win32
		{C367C7A7-BEE2-46FE-96E3-C4DFCEB93611}.Release|x64.ActiveCfg = Release|x64
		{C367C7A7-BEE2-46FE-96E3-C4DFCEB93611}.Release|x64.Build.0 = Release|x64
		{C367C7A7-BEE2-46FE-96E3-C4DFCEB93611}.Release|x86.ActiveCfg = Release|Win32
		{C367C7A7-BEE2-46FE-96E3-C4DFCEB93611}.Release|x86.Build.0 = Release|Win32
		{652DE3A7-87D1-4972-809F-A50DCF0987AE}.Debug|x64.ActiveCfg = Debug|x64
		{652DE3A7-87D1-4972-809F-A50DCF0987AE}.Debug|x64.Build.0 = Debug|x64
		{652DE3A7-87D1-4972-809F-A50DCF0987AE}.Debug|x86.ActiveCfg = Debug|Win32
		{652DE3A7-87D1-4972-809F-A50DCF0987AE}.Debug|x86.Build.0 = Debug|Win32
		{652DE3A7-87D1-4972-809F-A50DCF0987AE}.Release|x64.ActiveCfg = Release|x64
		{652DE3A7-87D1-4972-809F-A50DCF0987AE}.Release|x64.Build.0 = Release|x64
		{652DE3A7-87D1-4972-809F-A50DCF0987AE}.Release|x86.ActiveCfg = Release|Win32
		{652DE3A7-87D1-4972-809F-A50DCF0987AE}.Release|x86.Build.0 = Release|Win32
		{F576BB83-7A8F-466E-B8B9-E305F85F12CB}.Debug|x64.ActiveCfg = Debug|x64
		{F576BB83-7A8F-466E-B8B9-E305F85F12CB}.Debug|x64.Build.0 = Debug|x64
		{F576BB83-7A8F-466E-B8B9-E305F85F12CB}.Debug|x86.ActiveCfg = Debug|Win32
		{F576BB83-7A8F-466E-B8B9-E305F85F12CB}.Debug|x86.Build.0 = Debug|Win32
		{F576BB83-7A8F-466E-B8B9-E305F85F12CB}.Release|x64.ActiveCfg = Release|x64
		{F576BB83-7A8F-466E-B8B9-E305F85F12CB}.Release|x64.Build.0 = Release|x64
		{F576BB83-7A8F-466E-B8B9-E305F85F12CB}.Release|x86.ActiveCfg = Release|Win32
		{F576BB83-7A8F-466E-B8B9-E305F85F12CB}.Release|x86.Build.0 = Release|Win32
		{5B0E0B0F-3C9D-4A84-B5B7-C753C34D3489}.Debug|x64.ActiveCfg = Debug|x64
		{5B0E0B0F-3C9D-4A84-B5B7-C753C34D3489}.Debug|x64.Build.0 = Debug|x64
		{5B0E0B0F-3C9D-4A84-B5B7-C753C34D3489}.Debug|x86.ActiveCfg = Debug|Win32
		{5B0E0B0F-3C9D-4A84-B5B7-C753C34D3489}.Debug|x86.Build.0 = Debug|Win32
		{5B0E0B0F-3C9D-4A84-B5B7-C753C34D3489}.Release|x64.ActiveCfg = Release|x64
		{5B0E0B0F-3C9D-4A84-B5B7-C753C34D3489}.Release|x64.Build.0 = Release|x64
		{5B0E0B0F-3C9D-4A84-B5B7-C753C34D3489}.Release|x86.ActiveCfg = Release|Win32
		{5B0E0B0F-3C9D-4A84-B5B7-C753C34D3489}.Release|x86.Build.0 = Release|Win32
	EndGlobalSection
	GlobalSection(SolutionProperties) = preSolution
		HideSolutionNode = FALSE
	EndGlobalSection
	GlobalSection(ExtensibilityGlobals) = postSolution
		SolutionGuid = {1A998AA9-AFBB-4D36-8B16-9EADFFDACADB}
	EndGlobalSection
EndGlobal
